// !$*UTF8*$!
{
	archiveVersion = 1;
	classes = {
	};
	objectVersion = 46;
	objects = {

/* Begin PBXBuildFile section */
		63CAFC761BCF4A7700D67931 /* main.m in Sources */ = {isa = PBXBuildFile; fileRef = 63CAFC751BCF4A7700D67931 /* main.m */; };
		63CAFC791BCF4A7700D67931 /* AppDelegate.m in Sources */ = {isa = PBXBuildFile; fileRef = 63CAFC781BCF4A7700D67931 /* AppDelegate.m */; };
		63CAFC7C1BCF4A7700D67931 /* ViewController.m in Sources */ = {isa = PBXBuildFile; fileRef = 63CAFC7B1BCF4A7700D67931 /* ViewController.m */; };
		63CAFC7F1BCF4A7700D67931 /* Main.storyboard in Resources */ = {isa = PBXBuildFile; fileRef = 63CAFC7D1BCF4A7700D67931 /* Main.storyboard */; };
		63CAFC811BCF4A7700D67931 /* Assets.xcassets in Resources */ = {isa = PBXBuildFile; fileRef = 63CAFC801BCF4A7700D67931 /* Assets.xcassets */; };
		63CAFC841BCF4A7700D67931 /* LaunchScreen.storyboard in Resources */ = {isa = PBXBuildFile; fileRef = 63CAFC821BCF4A7700D67931 /* LaunchScreen.storyboard */; };
		63CAFC8F1BCF4A7700D67931 /* LDSScriptureMasterTests.m in Sources */ = {isa = PBXBuildFile; fileRef = 63CAFC8E1BCF4A7700D67931 /* LDSScriptureMasterTests.m */; };
		63CAFC9A1BCF4A7800D67931 /* LDSScriptureMasterUITests.m in Sources */ = {isa = PBXBuildFile; fileRef = 63CAFC991BCF4A7800D67931 /* LDSScriptureMasterUITests.m */; };
/* End PBXBuildFile section */

/* Begin PBXContainerItemProxy section */
		63CAFC8B1BCF4A7700D67931 /* PBXContainerItemProxy */ = {
			isa = PBXContainerItemProxy;
			containerPortal = 63CAFC691BCF4A7700D67931 /* Project object */;
			proxyType = 1;
			remoteGlobalIDString = 63CAFC701BCF4A7700D67931;
			remoteInfo = LDSScriptureMaster;
		};
		63CAFC961BCF4A7800D67931 /* PBXContainerItemProxy */ = {
			isa = PBXContainerItemProxy;
			containerPortal = 63CAFC691BCF4A7700D67931 /* Project object */;
			proxyType = 1;
			remoteGlobalIDString = 63CAFC701BCF4A7700D67931;
			remoteInfo = LDSScriptureMaster;
		};
/* End PBXContainerItemProxy section */

/* Begin PBXFileReference section */
		63CAFC711BCF4A7700D67931 /* LDSScriptureMaster.app */ = {isa = PBXFileReference; explicitFileType = wrapper.application; includeInIndex = 0; path = LDSScriptureMaster.app; sourceTree = BUILT_PRODUCTS_DIR; };
		63CAFC751BCF4A7700D67931 /* main.m */ = {isa = PBXFileReference; lastKnownFileType = sourcecode.c.objc; path = main.m; sourceTree = "<group>"; };
		63CAFC771BCF4A7700D67931 /* AppDelegate.h */ = {isa = PBXFileReference; lastKnownFileType = sourcecode.c.h; path = AppDelegate.h; sourceTree = "<group>"; };
		63CAFC781BCF4A7700D67931 /* AppDelegate.m */ = {isa = PBXFileReference; lastKnownFileType = sourcecode.c.objc; path = AppDelegate.m; sourceTree = "<group>"; };
		63CAFC7A1BCF4A7700D67931 /* ViewController.h */ = {isa = PBXFileReference; lastKnownFileType = sourcecode.c.h; path = ViewController.h; sourceTree = "<group>"; };
		63CAFC7B1BCF4A7700D67931 /* ViewController.m */ = {isa = PBXFileReference; lastKnownFileType = sourcecode.c.objc; path = ViewController.m; sourceTree = "<group>"; };
		63CAFC7E1BCF4A7700D67931 /* Base */ = {isa = PBXFileReference; lastKnownFileType = file.storyboard; name = Base; path = Base.lproj/Main.storyboard; sourceTree = "<group>"; };
		63CAFC801BCF4A7700D67931 /* Assets.xcassets */ = {isa = PBXFileReference; lastKnownFileType = folder.assetcatalog; path = Assets.xcassets; sourceTree = "<group>"; };
		63CAFC831BCF4A7700D67931 /* Base */ = {isa = PBXFileReference; lastKnownFileType = file.storyboard; name = Base; path = Base.lproj/LaunchScreen.storyboard; sourceTree = "<group>"; };
		63CAFC851BCF4A7700D67931 /* Info.plist */ = {isa = PBXFileReference; lastKnownFileType = text.plist.xml; path = Info.plist; sourceTree = "<group>"; };
		63CAFC8A1BCF4A7700D67931 /* LDSScriptureMasterTests.xctest */ = {isa = PBXFileReference; explicitFileType = wrapper.cfbundle; includeInIndex = 0; path = LDSScriptureMasterTests.xctest; sourceTree = BUILT_PRODUCTS_DIR; };
		63CAFC8E1BCF4A7700D67931 /* LDSScriptureMasterTests.m */ = {isa = PBXFileReference; lastKnownFileType = sourcecode.c.objc; path = LDSScriptureMasterTests.m; sourceTree = "<group>"; };
		63CAFC901BCF4A7800D67931 /* Info.plist */ = {isa = PBXFileReference; lastKnownFileType = text.plist.xml; path = Info.plist; sourceTree = "<group>"; };
		63CAFC951BCF4A7800D67931 /* LDSScriptureMasterUITests.xctest */ = {isa = PBXFileReference; explicitFileType = wrapper.cfbundle; includeInIndex = 0; path = LDSScriptureMasterUITests.xctest; sourceTree = BUILT_PRODUCTS_DIR; };
		63CAFC991BCF4A7800D67931 /* LDSScriptureMasterUITests.m */ = {isa = PBXFileReference; lastKnownFileType = sourcecode.c.objc; path = LDSScriptureMasterUITests.m; sourceTree = "<group>"; };
		63CAFC9B1BCF4A7800D67931 /* Info.plist */ = {isa = PBXFileReference; lastKnownFileType = text.plist.xml; path = Info.plist; sourceTree = "<group>"; };
/* End PBXFileReference section */

/* Begin PBXFrameworksBuildPhase section */
		63CAFC6E1BCF4A7700D67931 /* Frameworks */ = {
			isa = PBXFrameworksBuildPhase;
			buildActionMask = 2147483647;
			files = (
			);
			runOnlyForDeploymentPostprocessing = 0;
		};
		63CAFC871BCF4A7700D67931 /* Frameworks */ = {
			isa = PBXFrameworksBuildPhase;
			buildActionMask = 2147483647;
			files = (
			);
			runOnlyForDeploymentPostprocessing = 0;
		};
		63CAFC921BCF4A7800D67931 /* Frameworks */ = {
			isa = PBXFrameworksBuildPhase;
			buildActionMask = 2147483647;
			files = (
			);
			runOnlyForDeploymentPostprocessing = 0;
		};
/* End PBXFrameworksBuildPhase section */

/* Begin PBXGroup section */
		63CAFC681BCF4A7700D67931 = {
			isa = PBXGroup;
			children = (
				63CAFC731BCF4A7700D67931 /* LDSScriptureMaster */,
				63CAFC8D1BCF4A7700D67931 /* LDSScriptureMasterTests */,
				63CAFC981BCF4A7800D67931 /* LDSScriptureMasterUITests */,
				63CAFC721BCF4A7700D67931 /* Products */,
			);
			sourceTree = "<group>";
		};
		63CAFC721BCF4A7700D67931 /* Products */ = {
			isa = PBXGroup;
			children = (
				63CAFC711BCF4A7700D67931 /* LDSScriptureMaster.app */,
				63CAFC8A1BCF4A7700D67931 /* LDSScriptureMasterTests.xctest */,
				63CAFC951BCF4A7800D67931 /* LDSScriptureMasterUITests.xctest */,
			);
			name = Products;
			sourceTree = "<group>";
		};
		63CAFC731BCF4A7700D67931 /* LDSScriptureMaster */ = {
			isa = PBXGroup;
			children = (
				63CAFC771BCF4A7700D67931 /* AppDelegate.h */,
				63CAFC781BCF4A7700D67931 /* AppDelegate.m */,
				63CAFC7A1BCF4A7700D67931 /* ViewController.h */,
				63CAFC7B1BCF4A7700D67931 /* ViewController.m */,
				63CAFC7D1BCF4A7700D67931 /* Main.storyboard */,
				63CAFC801BCF4A7700D67931 /* Assets.xcassets */,
				63CAFC821BCF4A7700D67931 /* LaunchScreen.storyboard */,
				63CAFC851BCF4A7700D67931 /* Info.plist */,
				63CAFC741BCF4A7700D67931 /* Supporting Files */,
			);
			path = LDSScriptureMaster;
			sourceTree = "<group>";
		};
		63CAFC741BCF4A7700D67931 /* Supporting Files */ = {
			isa = PBXGroup;
			children = (
				63CAFC751BCF4A7700D67931 /* main.m */,
			);
			name = "Supporting Files";
			sourceTree = "<group>";
		};
		63CAFC8D1BCF4A7700D67931 /* LDSScriptureMasterTests */ = {
			isa = PBXGroup;
			children = (
				63CAFC8E1BCF4A7700D67931 /* LDSScriptureMasterTests.m */,
				63CAFC901BCF4A7800D67931 /* Info.plist */,
			);
			path = LDSScriptureMasterTests;
			sourceTree = "<group>";
		};
		63CAFC981BCF4A7800D67931 /* LDSScriptureMasterUITests */ = {
			isa = PBXGroup;
			children = (
				63CAFC991BCF4A7800D67931 /* LDSScriptureMasterUITests.m */,
				63CAFC9B1BCF4A7800D67931 /* Info.plist */,
			);
			path = LDSScriptureMasterUITests;
			sourceTree = "<group>";
		};
/* End PBXGroup section */

/* Begin PBXNativeTarget section */
		63CAFC701BCF4A7700D67931 /* LDSScriptureMaster */ = {
			isa = PBXNativeTarget;
			buildConfigurationList = 63CAFC9E1BCF4A7800D67931 /* Build configuration list for PBXNativeTarget "LDSScriptureMaster" */;
			buildPhases = (
				63CAFC6D1BCF4A7700D67931 /* Sources */,
				63CAFC6E1BCF4A7700D67931 /* Frameworks */,
				63CAFC6F1BCF4A7700D67931 /* Resources */,
			);
			buildRules = (
			);
			dependencies = (
			);
			name = LDSScriptureMaster;
			productName = LDSScriptureMaster;
			productReference = 63CAFC711BCF4A7700D67931 /* LDSScriptureMaster.app */;
			productType = "com.apple.product-type.application";
		};
		63CAFC891BCF4A7700D67931 /* LDSScriptureMasterTests */ = {
			isa = PBXNativeTarget;
			buildConfigurationList = 63CAFCA11BCF4A7800D67931 /* Build configuration list for PBXNativeTarget "LDSScriptureMasterTests" */;
			buildPhases = (
				63CAFC861BCF4A7700D67931 /* Sources */,
				63CAFC871BCF4A7700D67931 /* Frameworks */,
				63CAFC881BCF4A7700D67931 /* Resources */,
			);
			buildRules = (
			);
			dependencies = (
				63CAFC8C1BCF4A7700D67931 /* PBXTargetDependency */,
			);
			name = LDSScriptureMasterTests;
			productName = LDSScriptureMasterTests;
			productReference = 63CAFC8A1BCF4A7700D67931 /* LDSScriptureMasterTests.xctest */;
			productType = "com.apple.product-type.bundle.unit-test";
		};
		63CAFC941BCF4A7800D67931 /* LDSScriptureMasterUITests */ = {
			isa = PBXNativeTarget;
			buildConfigurationList = 63CAFCA41BCF4A7800D67931 /* Build configuration list for PBXNativeTarget "LDSScriptureMasterUITests" */;
			buildPhases = (
				63CAFC911BCF4A7800D67931 /* Sources */,
				63CAFC921BCF4A7800D67931 /* Frameworks */,
				63CAFC931BCF4A7800D67931 /* Resources */,
			);
			buildRules = (
			);
			dependencies = (
				63CAFC971BCF4A7800D67931 /* PBXTargetDependency */,
			);
			name = LDSScriptureMasterUITests;
			productName = LDSScriptureMasterUITests;
			productReference = 63CAFC951BCF4A7800D67931 /* LDSScriptureMasterUITests.xctest */;
			productType = "com.apple.product-type.bundle.ui-testing";
		};
/* End PBXNativeTarget section */

/* Begin PBXProject section */
		63CAFC691BCF4A7700D67931 /* Project object */ = {
			isa = PBXProject;
			attributes = {
				LastUpgradeCheck = 0700;
				ORGANIZATIONNAME = "Big Nerd Ranch";
				TargetAttributes = {
					63CAFC701BCF4A7700D67931 = {
						CreatedOnToolsVersion = 7.0;
					};
					63CAFC891BCF4A7700D67931 = {
						CreatedOnToolsVersion = 7.0;
						TestTargetID = 63CAFC701BCF4A7700D67931;
					};
					63CAFC941BCF4A7800D67931 = {
						CreatedOnToolsVersion = 7.0;
						TestTargetID = 63CAFC701BCF4A7700D67931;
					};
				};
			};
			buildConfigurationList = 63CAFC6C1BCF4A7700D67931 /* Build configuration list for PBXProject "LDSScriptureMaster" */;
			compatibilityVersion = "Xcode 3.2";
			developmentRegion = English;
			hasScannedForEncodings = 0;
			knownRegions = (
				en,
				Base,
			);
			mainGroup = 63CAFC681BCF4A7700D67931;
			productRefGroup = 63CAFC721BCF4A7700D67931 /* Products */;
			projectDirPath = "";
			projectRoot = "";
			targets = (
				63CAFC701BCF4A7700D67931 /* LDSScriptureMaster */,
				63CAFC891BCF4A7700D67931 /* LDSScriptureMasterTests */,
				63CAFC941BCF4A7800D67931 /* LDSScriptureMasterUITests */,
			);
		};
/* End PBXProject section */

/* Begin PBXResourcesBuildPhase section */
		63CAFC6F1BCF4A7700D67931 /* Resources */ = {
			isa = PBXResourcesBuildPhase;
			buildActionMask = 2147483647;
			files = (
				63CAFC841BCF4A7700D67931 /* LaunchScreen.storyboard in Resources */,
				63CAFC811BCF4A7700D67931 /* Assets.xcassets in Resources */,
				63CAFC7F1BCF4A7700D67931 /* Main.storyboard in Resources */,
			);
			runOnlyForDeploymentPostprocessing = 0;
		};
		63CAFC881BCF4A7700D67931 /* Resources */ = {
			isa = PBXResourcesBuildPhase;
			buildActionMask = 2147483647;
			files = (
			);
			runOnlyForDeploymentPostprocessing = 0;
		};
		63CAFC931BCF4A7800D67931 /* Resources */ = {
			isa = PBXResourcesBuildPhase;
			buildActionMask = 2147483647;
			files = (
			);
			runOnlyForDeploymentPostprocessing = 0;
		};
/* End PBXResourcesBuildPhase section */

/* Begin PBXSourcesBuildPhase section */
		63CAFC6D1BCF4A7700D67931 /* Sources */ = {
			isa = PBXSourcesBuildPhase;
			buildActionMask = 2147483647;
			files = (
				63CAFC7C1BCF4A7700D67931 /* ViewController.m in Sources */,
				63CAFC791BCF4A7700D67931 /* AppDelegate.m in Sources */,
				63CAFC761BCF4A7700D67931 /* main.m in Sources */,
			);
			runOnlyForDeploymentPostprocessing = 0;
		};
		63CAFC861BCF4A7700D67931 /* Sources */ = {
			isa = PBXSourcesBuildPhase;
			buildActionMask = 2147483647;
			files = (
				63CAFC8F1BCF4A7700D67931 /* LDSScriptureMasterTests.m in Sources */,
			);
			runOnlyForDeploymentPostprocessing = 0;
		};
		63CAFC911BCF4A7800D67931 /* Sources */ = {
			isa = PBXSourcesBuildPhase;
			buildActionMask = 2147483647;
			files = (
				63CAFC9A1BCF4A7800D67931 /* LDSScriptureMasterUITests.m in Sources */,
			);
			runOnlyForDeploymentPostprocessing = 0;
		};
/* End PBXSourcesBuildPhase section */

/* Begin PBXTargetDependency section */
		63CAFC8C1BCF4A7700D67931 /* PBXTargetDependency */ = {
			isa = PBXTargetDependency;
			target = 63CAFC701BCF4A7700D67931 /* LDSScriptureMaster */;
			targetProxy = 63CAFC8B1BCF4A7700D67931 /* PBXContainerItemProxy */;
		};
		63CAFC971BCF4A7800D67931 /* PBXTargetDependency */ = {
			isa = PBXTargetDependency;
			target = 63CAFC701BCF4A7700D67931 /* LDSScriptureMaster */;
			targetProxy = 63CAFC961BCF4A7800D67931 /* PBXContainerItemProxy */;
		};
/* End PBXTargetDependency section */

/* Begin PBXVariantGroup section */
		63CAFC7D1BCF4A7700D67931 /* Main.storyboard */ = {
			isa = PBXVariantGroup;
			children = (
				63CAFC7E1BCF4A7700D67931 /* Base */,
			);
			name = Main.storyboard;
			sourceTree = "<group>";
		};
		63CAFC821BCF4A7700D67931 /* LaunchScreen.storyboard */ = {
			isa = PBXVariantGroup;
			children = (
				63CAFC831BCF4A7700D67931 /* Base */,
			);
			name = LaunchScreen.storyboard;
			sourceTree = "<group>";
		};
/* End PBXVariantGroup section */

/* Begin XCBuildConfiguration section */
		63CAFC9C1BCF4A7800D67931 /* Debug */ = {
			isa = XCBuildConfiguration;
			buildSettings = {
				ALWAYS_SEARCH_USER_PATHS = NO;
				CLANG_CXX_LANGUAGE_STANDARD = "gnu++0x";
				CLANG_CXX_LIBRARY = "libc++";
				CLANG_ENABLE_MODULES = YES;
				CLANG_ENABLE_OBJC_ARC = YES;
				CLANG_WARN_BOOL_CONVERSION = YES;
				CLANG_WARN_CONSTANT_CONVERSION = YES;
				CLANG_WARN_DIRECT_OBJC_ISA_USAGE = YES_ERROR;
				CLANG_WARN_EMPTY_BODY = YES;
				CLANG_WARN_ENUM_CONVERSION = YES;
				CLANG_WARN_INT_CONVERSION = YES;
				CLANG_WARN_OBJC_ROOT_CLASS = YES_ERROR;
				CLANG_WARN_UNREACHABLE_CODE = YES;
				CLANG_WARN__DUPLICATE_METHOD_MATCH = YES;
				"CODE_SIGN_IDENTITY[sdk=iphoneos*]" = "iPhone Developer";
				COPY_PHASE_STRIP = NO;
				DEBUG_INFORMATION_FORMAT = dwarf;
				ENABLE_STRICT_OBJC_MSGSEND = YES;
				ENABLE_TESTABILITY = YES;
				GCC_C_LANGUAGE_STANDARD = gnu99;
				GCC_DYNAMIC_NO_PIC = NO;
				GCC_NO_COMMON_BLOCKS = YES;
				GCC_OPTIMIZATION_LEVEL = 0;
				GCC_PREPROCESSOR_DEFINITIONS = (
					"DEBUG=1",
					"$(inherited)",
				);
				GCC_WARN_64_TO_32_BIT_CONVERSION = YES;
				GCC_WARN_ABOUT_RETURN_TYPE = YES_ERROR;
				GCC_WARN_UNDECLARED_SELECTOR = YES;
				GCC_WARN_UNINITIALIZED_AUTOS = YES_AGGRESSIVE;
				GCC_WARN_UNUSED_FUNCTION = YES;
				GCC_WARN_UNUSED_VARIABLE = YES;
				IPHONEOS_DEPLOYMENT_TARGET = 9.0;
				MTL_ENABLE_DEBUG_INFO = YES;
				ONLY_ACTIVE_ARCH = YES;
				SDKROOT = iphoneos;
				TARGETED_DEVICE_FAMILY = "1,2";
			};
			name = Debug;
		};
		63CAFC9D1BCF4A7800D67931 /* Release */ = {
			isa = XCBuildConfiguration;
			buildSettings = {
				ALWAYS_SEARCH_USER_PATHS = NO;
				CLANG_CXX_LANGUAGE_STANDARD = "gnu++0x";
				CLANG_CXX_LIBRARY = "libc++";
				CLANG_ENABLE_MODULES = YES;
				CLANG_ENABLE_OBJC_ARC = YES;
				CLANG_WARN_BOOL_CONVERSION = YES;
				CLANG_WARN_CONSTANT_CONVERSION = YES;
				CLANG_WARN_DIRECT_OBJC_ISA_USAGE = YES_ERROR;
				CLANG_WARN_EMPTY_BODY = YES;
				CLANG_WARN_ENUM_CONVERSION = YES;
				CLANG_WARN_INT_CONVERSION = YES;
				CLANG_WARN_OBJC_ROOT_CLASS = YES_ERROR;
				CLANG_WARN_UNREACHABLE_CODE = YES;
				CLANG_WARN__DUPLICATE_METHOD_MATCH = YES;
				"CODE_SIGN_IDENTITY[sdk=iphoneos*]" = "iPhone Developer";
				COPY_PHASE_STRIP = NO;
				DEBUG_INFORMATION_FORMAT = "dwarf-with-dsym";
				ENABLE_NS_ASSERTIONS = NO;
				ENABLE_STRICT_OBJC_MSGSEND = YES;
				GCC_C_LANGUAGE_STANDARD = gnu99;
				GCC_NO_COMMON_BLOCKS = YES;
				GCC_WARN_64_TO_32_BIT_CONVERSION = YES;
				GCC_WARN_ABOUT_RETURN_TYPE = YES_ERROR;
				GCC_WARN_UNDECLARED_SELECTOR = YES;
				GCC_WARN_UNINITIALIZED_AUTOS = YES_AGGRESSIVE;
				GCC_WARN_UNUSED_FUNCTION = YES;
				GCC_WARN_UNUSED_VARIABLE = YES;
				IPHONEOS_DEPLOYMENT_TARGET = 9.0;
				MTL_ENABLE_DEBUG_INFO = NO;
				SDKROOT = iphoneos;
				TARGETED_DEVICE_FAMILY = "1,2";
				VALIDATE_PRODUCT = YES;
			};
			name = Release;
		};
		63CAFC9F1BCF4A7800D67931 /* Debug */ = {
			isa = XCBuildConfiguration;
			buildSettings = {
				ASSETCATALOG_COMPILER_APPICON_NAME = AppIcon;
				INFOPLIST_FILE = LDSScriptureMaster/Info.plist;
				LD_RUNPATH_SEARCH_PATHS = "$(inherited) @executable_path/Frameworks";
				PRODUCT_BUNDLE_IDENTIFIER = com.bignerdranch.LDSScriptureMaster;
				PRODUCT_NAME = "$(TARGET_NAME)";
			};
			name = Debug;
		};
		63CAFCA01BCF4A7800D67931 /* Release */ = {
			isa = XCBuildConfiguration;
			buildSettings = {
				ASSETCATALOG_COMPILER_APPICON_NAME = AppIcon;
				INFOPLIST_FILE = LDSScriptureMaster/Info.plist;
				LD_RUNPATH_SEARCH_PATHS = "$(inherited) @executable_path/Frameworks";
				PRODUCT_BUNDLE_IDENTIFIER = com.bignerdranch.LDSScriptureMaster;
				PRODUCT_NAME = "$(TARGET_NAME)";
			};
			name = Release;
		};
		63CAFCA21BCF4A7800D67931 /* Debug */ = {
			isa = XCBuildConfiguration;
			buildSettings = {
				BUNDLE_LOADER = "$(TEST_HOST)";
				INFOPLIST_FILE = LDSScriptureMasterTests/Info.plist;
				LD_RUNPATH_SEARCH_PATHS = "$(inherited) @executable_path/Frameworks @loader_path/Frameworks";
				PRODUCT_BUNDLE_IDENTIFIER = com.bignerdranch.LDSScriptureMasterTests;
				PRODUCT_NAME = "$(TARGET_NAME)";
				TEST_HOST = "$(BUILT_PRODUCTS_DIR)/LDSScriptureMaster.app/LDSScriptureMaster";
			};
			name = Debug;
		};
		63CAFCA31BCF4A7800D67931 /* Release */ = {
			isa = XCBuildConfiguration;
			buildSettings = {
				BUNDLE_LOADER = "$(TEST_HOST)";
				INFOPLIST_FILE = LDSScriptureMasterTests/Info.plist;
				LD_RUNPATH_SEARCH_PATHS = "$(inherited) @executable_path/Frameworks @loader_path/Frameworks";
				PRODUCT_BUNDLE_IDENTIFIER = com.bignerdranch.LDSScriptureMasterTests;
				PRODUCT_NAME = "$(TARGET_NAME)";
				TEST_HOST = "$(BUILT_PRODUCTS_DIR)/LDSScriptureMaster.app/LDSScriptureMaster";
			};
			name = Release;
		};
		63CAFCA51BCF4A7800D67931 /* Debug */ = {
			isa = XCBuildConfiguration;
			buildSettings = {
				INFOPLIST_FILE = LDSScriptureMasterUITests/Info.plist;
				LD_RUNPATH_SEARCH_PATHS = "$(inherited) @executable_path/Frameworks @loader_path/Frameworks";
				PRODUCT_BUNDLE_IDENTIFIER = com.bignerdranch.LDSScriptureMasterUITests;
				PRODUCT_NAME = "$(TARGET_NAME)";
				TEST_TARGET_NAME = LDSScriptureMaster;
				USES_XCTRUNNER = YES;
			};
			name = Debug;
		};
		63CAFCA61BCF4A7800D67931 /* Release */ = {
			isa = XCBuildConfiguration;
			buildSettings = {
				INFOPLIST_FILE = LDSScriptureMasterUITests/Info.plist;
				LD_RUNPATH_SEARCH_PATHS = "$(inherited) @executable_path/Frameworks @loader_path/Frameworks";
				PRODUCT_BUNDLE_IDENTIFIER = com.bignerdranch.LDSScriptureMasterUITests;
				PRODUCT_NAME = "$(TARGET_NAME)";
				TEST_TARGET_NAME = LDSScriptureMaster;
				USES_XCTRUNNER = YES;
			};
			name = Release;
		};
/* End XCBuildConfiguration section */

/* Begin XCConfigurationList section */
		63CAFC6C1BCF4A7700D67931 /* Build configuration list for PBXProject "LDSScriptureMaster" */ = {
			isa = XCConfigurationList;
			buildConfigurations = (
				63CAFC9C1BCF4A7800D67931 /* Debug */,
				63CAFC9D1BCF4A7800D67931 /* Release */,
			);
			defaultConfigurationIsVisible = 0;
			defaultConfigurationName = Release;
		};
		63CAFC9E1BCF4A7800D67931 /* Build configuration list for PBXNativeTarget "LDSScriptureMaster" */ = {
			isa = XCConfigurationList;
			buildConfigurations = (
				63CAFC9F1BCF4A7800D67931 /* Debug */,
				63CAFCA01BCF4A7800D67931 /* Release */,
			);
			defaultConfigurationIsVisible = 0;
		};
		63CAFCA11BCF4A7800D67931 /* Build configuration list for PBXNativeTarget "LDSScriptureMasterTests" */ = {
			isa = XCConfigurationList;
			buildConfigurations = (
				63CAFCA21BCF4A7800D67931 /* Debug */,
				63CAFCA31BCF4A7800D67931 /* Release */,
			);
			defaultConfigurationIsVisible = 0;
		};
		63CAFCA41BCF4A7800D67931 /* Build configuration list for PBXNativeTarget "LDSScriptureMasterUITests" */ = {
			isa = XCConfigurationList;
			buildConfigurations = (
				63CAFCA51BCF4A7800D67931 /* Debug */,
				63CAFCA61BCF4A7800D67931 /* Release */,
			);
			defaultConfigurationIsVisible = 0;
		};
/* End XCConfigurationList section */
	};
	rootObject = 63CAFC691BCF4A7700D67931 /* Project object */;
}
